{
  "name": "dependency_injection",
  "version": "1.0.0",
  "lockfileVersion": 3,
  "requires": true,
  "packages": {
    "": {
      "name": "dependency_injection",
      "version": "1.0.0",
      "license": "ISC",
      "dependencies": {
        "inversify": "^7.0.0",
        "reflect-metadata": "^0.2.2",
        "typescript": "^5.7.3"
      }
    },
    "node_modules/@inversifyjs/common": {
      "version": "1.5.0",
      "resolved": "https://registry.npmjs.org/@inversifyjs/common/-/common-1.5.0.tgz",
      "integrity": "sha512-Qj5BELk11AfI2rgZEAaLPmOftmQRLLmoCXgAjmaF0IngQN5vHomVT5ML7DZ3+CA5fgGcEVMcGbUDAun+Rz+oNg=="
    },
    "node_modules/@inversifyjs/container": {
      "version": "1.5.2",
      "resolved": "https://registry.npmjs.org/@inversifyjs/container/-/container-1.5.2.tgz",
      "integrity": "sha512-z0h5iwzA/Gv/1K1ZFHj4VAXpyShOez61g4vWMaWpY4gKidsIbnn01ArRbKbsTKzwW63DniAGMhtnUO+y3htcpQ==",
      "dependencies": {
        "@inversifyjs/common": "1.5.0",
        "@inversifyjs/core": "4.0.0",
        "@inversifyjs/reflect-metadata-utils": "1.1.0"
      },
      "peerDependencies": {
        "reflect-metadata": "~0.2.2"
      }
    },
    "node_modules/@inversifyjs/core": {
      "version": "4.0.0",
      "resolved": "https://registry.npmjs.org/@inversifyjs/core/-/core-4.0.0.tgz",
      "integrity": "sha512-uNK3aFEAn5mnQ1TbPqDDG/4BMNGPZ8Jb+cDW2ualjNCiMqtIDWP2gBQf0zahxSbZnc5iVrkk7ftjX3Raze8BLQ==",
      "dependencies": {
        "@inversifyjs/common": "1.5.0",
        "@inversifyjs/prototype-utils": "0.1.0",
        "@inversifyjs/reflect-metadata-utils": "1.1.0"
      }
    },
    "node_modules/@inversifyjs/prototype-utils": {
      "version": "0.1.0",
      "resolved": "https://registry.npmjs.org/@inversifyjs/prototype-utils/-/prototype-utils-0.1.0.tgz",
      "integrity": "sha512-lNz1yyajMRDXBHLvJsYYX81FcmeD15e5Qz1zAZ/3zeYTl+u7ZF/GxNRKJzNOloeMPMtuR8BnvzHA1SZxjR+J9w==",
      "dependencies": {
        "@inversifyjs/common": "1.5.0"
      }
    },
    "node_modules/@inversifyjs/reflect-metadata-utils": {
      "version": "1.1.0",
      "resolved": "https://registry.npmjs.org/@inversifyjs/reflect-metadata-utils/-/reflect-metadata-utils-1.1.0.tgz",
      "integrity": "sha512-jmuAuC3eL1GnFAYfJGJOMKRDL9q1mgzOyrban6zxfM8Yg1FUHsj25h27bW2G7p8X1Amvhg3MLkaOuogszkrofA==",
      "peerDependencies": {
        "reflect-metadata": "0.2.2"
      }
    },
    "node_modules/inversify": {
      "version": "7.0.0",
      "resolved": "https://registry.npmjs.org/inversify/-/inversify-7.0.0.tgz",
      "integrity": "sha512-0BC42fTkEniy+okTD2NEQw2XgwVw6ye25FjqAUbhegZDdFQCHmQSZdXMDUbwgNeoTPHYGHikTre+/dghapOLhw==",
      "dependencies": {
        "@inversifyjs/common": "1.5.0",
        "@inversifyjs/container": "1.5.2",
        "@inversifyjs/core": "4.0.0"
      },
      "peerDependencies": {
        "reflect-metadata": "~0.2.2"
      }
    },
    "node_modules/reflect-metadata": {
      "version": "0.2.2",
      "resolved": "https://registry.npmjs.org/reflect-metadata/-/reflect-metadata-0.2.2.tgz",
      "integrity": "sha512-urBwgfrvVP/eAyXx4hluJivBKzuEbSQs9rKWCrCkbSxNv8mxPcUZKeuoF3Uy4mJl3Lwprp6yy5/39VWigZ4K6Q=="
    },
    "node_modules/typescript": {
      "version": "5.7.3",
      "resolved": "https://registry.npmjs.org/typescript/-/typescript-5.7.3.tgz",
      "integrity": "sha512-84MVSjMEHP+FQRPy3pX9sTVV/INIex71s9TL2Gm5FG/WG1SqXeKyZ0k7/blY/4FdOzI12CBy1vGc4og/eus0fw==",
      "bin": {
        "tsc": "bin/tsc",
        "tsserver": "bin/tsserver"
      },
      "engines": {
        "node": ">=14.17"
      }
    }
  }
}
